
Microsoft Visual Studio Solution File, Format Version 12.00
# Visual Studio Version 17
VisualStudioVersion = 17.10.35004.147
MinimumVisualStudioVersion = 10.0.40219.1
Project("{FAE04EC0-301F-11D3-BF4B-00C04F79EFBC}") = "CRUDMVCoperation", "CRUDMVCoperation\CRUDMVCoperation.csproj", "{0BF891EC-9525-466D-A84D-B5BA1B8710CC}"
EndProject
Project("{FAE04EC0-301F-11D3-BF4B-00C04F79EFBC}") = "CRUDMVCLibrary", "CRUDMVCLibrary\CRUDMVCLibrary.csproj", "{5C3B57DB-08DF-45C4-B35C-5149BFD1E961}"
EndProject
Global
	GlobalSection(SolutionConfigurationPlatforms) = preSolution
		Debug|Any CPU = Debug|Any CPU
		Release|Any CPU = Release|Any CPU
	EndGlobalSection
	GlobalSection(ProjectConfigurationPlatforms) = postSolution
		{0BF891EC-9525-466D-A84D-B5BA1B8710CC}.Debug|Any CPU.ActiveCfg = Debug|Any CPU
		{0BF891EC-9525-466D-A84D-B5BA1B8710CC}.Debug|Any CPU.Build.0 = Debug|Any CPU
		{0BF891EC-9525-466D-A84D-B5BA1B8710CC}.Release|Any CPU.ActiveCfg = Release|Any CPU
		{0BF891EC-9525-466D-A84D-B5BA1B8710CC}.Release|Any CPU.Build.0 = Release|Any CPU
		{5C3B57DB-08DF-45C4-B35C-5149BFD1E961}.Debug|Any CPU.ActiveCfg = Debug|Any CPU
		{5C3B57DB-08DF-45C4-B35C-5149BFD1E961}.Debug|Any CPU.Build.0 = Debug|Any CPU
		{5C3B57DB-08DF-45C4-B35C-5149BFD1E961}.Release|Any CPU.ActiveCfg = Release|Any CPU
		{5C3B57DB-08DF-45C4-B35C-5149BFD1E961}.Release|Any CPU.Build.0 = Release|Any CPU
	EndGlobalSection
	GlobalSection(SolutionProperties) = preSolution
		HideSolutionNode = FALSE
	EndGlobalSection
	GlobalSection(ExtensibilityGlobals) = postSolution
		SolutionGuid = {712F1611-997C-4D20-BA5B-3D1CA51C2ECA}
	EndGlobalSection
EndGlobal
